PODS:
  - Flutter (1.0.0)
  - otpless_flutter (0.0.4):
    - Flutter
    - OtplessSDK (= 2.1.8)
  - OtplessSDK (2.1.8)

DEPENDENCIES:
  - Flutter (from `Flutter`)
  - otpless_flutter (from `.symlinks/plugins/otpless_flutter/ios`)

SPEC REPOS:
  trunk:
    - OtplessSDK

EXTERNAL SOURCES:
  Flutter:
    :path: Flutter
  otpless_flutter:
    :path: ".symlinks/plugins/otpless_flutter/ios"

SPEC CHECKSUMS:
  Flutter: f04841e97a9d0b0a8025694d0796dd46242b2854
  otpless_flutter: 58eeca6f0bce42925638179e82f52b33ef93a76d
  OtplessSDK: 6da860f65ad20cf6adb91f74817e1299f5fc6adf

PODFILE CHECKSUM: ef19549a9bc3046e7bb7d2fab4d021637c0c58a3

COCOAPODS: 1.13.0
