PODS:
  - Flutter (1.0.0)
  - otpless_flutter (0.0.4):
    - Flutter
    - OtplessSDK/Core (= 2.2.8)
  - OtplessSDK/Core (2.2.8)

DEPENDENCIES:
  - Flutter (from `Flutter`)
  - otpless_flutter (from `.symlinks/plugins/otpless_flutter/ios`)

SPEC REPOS:
  trunk:
    - OtplessSDK

EXTERNAL SOURCES:
  Flutter:
    :path: Flutter
  otpless_flutter:
    :path: ".symlinks/plugins/otpless_flutter/ios"

SPEC CHECKSUMS:
  Flutter: e0871f40cf51350855a761d2e70bf5af5b9b5de7
  otpless_flutter: 558d03da0f3bc5e765278ed8b7207fcbb82f36f6
  OtplessSDK: 4012206d070936bf4ae917025511e70eea5234a5

PODFILE CHECKSUM: c4c93c5f6502fe2754f48404d3594bf779584011

COCOAPODS: 1.14.3
